
Microsoft Visual Studio Solution File, Format Version 12.00
# Visual Studio 15
VisualStudioVersion = 15.0.26228.10
MinimumVisualStudioVersion = 10.0.40219.1
Project("{9A19103F-16F7-4668-BE54-9A1E7A4F7556}") = "WTG.BulkAnalysis.Runner", "WTG.BulkAnalysis.Runner\WTG.BulkAnalysis.Runner.csproj", "{CC915472-4531-448B-8D01-9FD9D036D451}"
EndProject
Project("{9A19103F-16F7-4668-BE54-9A1E7A4F7556}") = "WTG.BulkAnalysis.Core", "WTG.BulkAnalysis.Core\WTG.BulkAnalysis.Core.csproj", "{EF81C8B4-A10D-4606-801E-D3DD02E1BFBE}"
EndProject
Project("{9A19103F-16F7-4668-BE54-9A1E7A4F7556}") = "WTG.BulkAnalysis.TFS", "WTG.BulkAnalysis.TFS\WTG.BulkAnalysis.TFS.csproj", "{196238FF-5534-4906-9D48-0A74CFB6A487}"
EndProject
Global
	GlobalSection(SolutionConfigurationPlatforms) = preSolution
		Debug|Any CPU = Debug|Any CPU
		Release|Any CPU = Release|Any CPU
	EndGlobalSection
	GlobalSection(ProjectConfigurationPlatforms) = postSolution
		{CC915472-4531-448B-8D01-9FD9D036D451}.Debug|Any CPU.ActiveCfg = Debug|Any CPU
		{CC915472-4531-448B-8D01-9FD9D036D451}.Debug|Any CPU.Build.0 = Debug|Any CPU
		{CC915472-4531-448B-8D01-9FD9D036D451}.Release|Any CPU.ActiveCfg = Release|Any CPU
		{CC915472-4531-448B-8D01-9FD9D036D451}.Release|Any CPU.Build.0 = Release|Any CPU
		{EF81C8B4-A10D-4606-801E-D3DD02E1BFBE}.Debug|Any CPU.ActiveCfg = Debug|Any CPU
		{EF81C8B4-A10D-4606-801E-D3DD02E1BFBE}.Debug|Any CPU.Build.0 = Debug|Any CPU
		{EF81C8B4-A10D-4606-801E-D3DD02E1BFBE}.Release|Any CPU.ActiveCfg = Release|Any CPU
		{EF81C8B4-A10D-4606-801E-D3DD02E1BFBE}.Release|Any CPU.Build.0 = Release|Any CPU
		{196238FF-5534-4906-9D48-0A74CFB6A487}.Debug|Any CPU.ActiveCfg = Debug|Any CPU
		{196238FF-5534-4906-9D48-0A74CFB6A487}.Debug|Any CPU.Build.0 = Debug|Any CPU
		{196238FF-5534-4906-9D48-0A74CFB6A487}.Release|Any CPU.ActiveCfg = Release|Any CPU
		{196238FF-5534-4906-9D48-0A74CFB6A487}.Release|Any CPU.Build.0 = Release|Any CPU
	EndGlobalSection
	GlobalSection(SolutionProperties) = preSolution
		HideSolutionNode = FALSE
	EndGlobalSection
	GlobalSection(ExtensibilityGlobals) = postSolution
		SolutionGuid = {B22E70E0-1827-42B3-9A87-68C964733344}
	EndGlobalSection
	GlobalSection(TeamFoundationVersionControl) = preSolution
		SccNumberOfProjects = 4
		SccEnterpriseProvider = {4CA58AB2-18FA-4F8D-95D4-32DDF27D184C}
		SccTeamFoundationServer = http://tfs.wtg.zone:8080/tfs/cargowise
		SccLocalPath0 = .
		SccProjectUniqueName1 = WTG.BulkAnalysis.Core\\WTG.BulkAnalysis.Core.csproj
		SccProjectName1 = WTG.BulkAnalysis.Core
		SccLocalPath1 = WTG.BulkAnalysis.Core
		SccProjectUniqueName2 = WTG.BulkAnalysis.Runner\\WTG.BulkAnalysis.Runner.csproj
		SccProjectName2 = WTG.BulkAnalysis.Runner
		SccLocalPath2 = WTG.BulkAnalysis.Runner
		SccProjectUniqueName3 = WTG.BulkAnalysis.TFS\\WTG.BulkAnalysis.TFS.csproj
		SccProjectName3 = WTG.BulkAnalysis.TFS
		SccLocalPath3 = WTG.BulkAnalysis.TFS
	EndGlobalSection
EndGlobal
