
Microsoft Visual Studio Solution File, Format Version 12.00
# Visual Studio Version 16
VisualStudioVersion = 16.0.29806.167
MinimumVisualStudioVersion = 10.0.40219.1
Project("{9A19103F-16F7-4668-BE54-9A1E7A4F7556}") = "WTG.BulkAnalysis.Runner", "WTG.BulkAnalysis.Runner\WTG.BulkAnalysis.Runner.csproj", "{CC915472-4531-448B-8D01-9FD9D036D451}"
EndProject
Project("{9A19103F-16F7-4668-BE54-9A1E7A4F7556}") = "WTG.BulkAnalysis.Core", "WTG.BulkAnalysis.Core\WTG.BulkAnalysis.Core.csproj", "{EF81C8B4-A10D-4606-801E-D3DD02E1BFBE}"
EndProject
Global
	GlobalSection(SolutionConfigurationPlatforms) = preSolution
		Debug|Any CPU = Debug|Any CPU
		Release|Any CPU = Release|Any CPU
	EndGlobalSection
	GlobalSection(ProjectConfigurationPlatforms) = postSolution
		{CC915472-4531-448B-8D01-9FD9D036D451}.Debug|Any CPU.ActiveCfg = Debug|Any CPU
		{CC915472-4531-448B-8D01-9FD9D036D451}.Debug|Any CPU.Build.0 = Debug|Any CPU
		{CC915472-4531-448B-8D01-9FD9D036D451}.Release|Any CPU.ActiveCfg = Release|Any CPU
		{CC915472-4531-448B-8D01-9FD9D036D451}.Release|Any CPU.Build.0 = Release|Any CPU
		{EF81C8B4-A10D-4606-801E-D3DD02E1BFBE}.Debug|Any CPU.ActiveCfg = Debug|Any CPU
		{EF81C8B4-A10D-4606-801E-D3DD02E1BFBE}.Debug|Any CPU.Build.0 = Debug|Any CPU
		{EF81C8B4-A10D-4606-801E-D3DD02E1BFBE}.Release|Any CPU.ActiveCfg = Release|Any CPU
		{EF81C8B4-A10D-4606-801E-D3DD02E1BFBE}.Release|Any CPU.Build.0 = Release|Any CPU
	EndGlobalSection
	GlobalSection(SolutionProperties) = preSolution
		HideSolutionNode = FALSE
	EndGlobalSection
	GlobalSection(ExtensibilityGlobals) = postSolution
		SolutionGuid = {B22E70E0-1827-42B3-9A87-68C964733344}
	EndGlobalSection
EndGlobal
